
Microsoft Visual Studio Solution File, Format Version 12.00
# Visual Studio 2012
Project("{FAE04EC0-301F-11D3-BF4B-00C04F79EFBC}") = "DBSizer.WinForms.UI", "DBSizer.WinForms.UI\DBSizer.WinForms.UI.csproj", "{D5C90716-2AF2-4FB6-A043-008F1B9AB05B}"
EndProject
Project("{FAE04EC0-301F-11D3-BF4B-00C04F79EFBC}") = "DBSizer.Data", "DBSizer.Logic\DBSizer.Data.csproj", "{F4B46FD2-2723-485E-899B-8310C20BF2F5}"
EndProject
Project("{FAE04EC0-301F-11D3-BF4B-00C04F79EFBC}") = "DBSizer.ViewInterface", "DBSizer.ViewInterface\DBSizer.ViewInterface.csproj", "{3D526DA8-5EA4-4DB3-94ED-329FEC44E0A7}"
EndProject
Project("{FAE04EC0-301F-11D3-BF4B-00C04F79EFBC}") = "DBSizer.ViewPresenter", "DBSizer.ViewPresenter\DBSizer.ViewPresenter.csproj", "{33BA6597-1D9D-4B6B-A727-19D7FD33D9EE}"
EndProject
Project("{FAE04EC0-301F-11D3-BF4B-00C04F79EFBC}") = "DBSizer.Winforms.Starter", "DBSizer.Winforms.Starter\DBSizer.Winforms.Starter.csproj", "{3E6808CE-5CD8-4DFD-A838-8F0ACE5458F7}"
EndProject
Project("{F088123C-0E9E-452A-89E6-6BA2F21D5CAC}") = "DBSizer.Architecture", "DBSizer.Architecture\DBSizer.Architecture.modelproj", "{D09504A0-4558-4888-BA8C-A5DB5DAF0C9D}"
EndProject
Project("{FAE04EC0-301F-11D3-BF4B-00C04F79EFBC}") = "DBSizer.WPF.UI", "DBSizer.WPF.UI\DBSizer.WPF.UI.csproj", "{5C3ADF56-6BED-4FDD-B4F1-C4B1FFCBF6AA}"
EndProject
Project("{2150E333-8FDC-42A3-9474-1A3956D46DE8}") = "Solution Items", "Solution Items", "{583A2553-C08C-4651-89DB-628AE048968A}"
	ProjectSection(SolutionItems) = preProject
		ThirdParty\Rhino.Mocks.dll = ThirdParty\Rhino.Mocks.dll
		ThirdParty\System.Windows.Controls.DataVisualization.Toolkit.dll = ThirdParty\System.Windows.Controls.DataVisualization.Toolkit.dll
		ThirdParty\Xceed.Wpf.Toolkit.dll = ThirdParty\Xceed.Wpf.Toolkit.dll
	EndProjectSection
EndProject
Project("{FAE04EC0-301F-11D3-BF4B-00C04F79EFBC}") = "DBSizer.WPF.Tests", "DBSizer.WPF.Tests\DBSizer.WPF.Tests.csproj", "{3CC08739-813C-4BA3-918C-E27507D58E79}"
EndProject
Global
	GlobalSection(TeamFoundationVersionControl) = preSolution
		SccNumberOfProjects = 9
		SccEnterpriseProvider = {4CA58AB2-18FA-4F8D-95D4-32DDF27D184C}
		SccTeamFoundationServer = https://drodionov.visualstudio.com/defaultcollection
		SccLocalPath0 = .
		SccProjectUniqueName1 = DBSizer.Architecture\\DBSizer.Architecture.modelproj
		SccProjectName1 = DBSizer.Architecture
		SccLocalPath1 = DBSizer.Architecture
		SccProjectUniqueName2 = DBSizer.Logic\\DBSizer.Data.csproj
		SccProjectName2 = DBSizer.Logic
		SccLocalPath2 = DBSizer.Logic
		SccProjectUniqueName3 = DBSizer.ViewInterface\\DBSizer.ViewInterface.csproj
		SccProjectName3 = DBSizer.ViewInterface
		SccLocalPath3 = DBSizer.ViewInterface
		SccProjectUniqueName4 = DBSizer.ViewPresenter\\DBSizer.ViewPresenter.csproj
		SccProjectName4 = DBSizer.ViewPresenter
		SccLocalPath4 = DBSizer.ViewPresenter
		SccProjectUniqueName5 = DBSizer.Winforms.Starter\\DBSizer.Winforms.Starter.csproj
		SccProjectName5 = DBSizer.Winforms.Starter
		SccLocalPath5 = DBSizer.Winforms.Starter
		SccProjectUniqueName6 = DBSizer.WinForms.UI\\DBSizer.WinForms.UI.csproj
		SccProjectName6 = DBSizer.WinForms.UI
		SccLocalPath6 = DBSizer.WinForms.UI
		SccProjectUniqueName7 = DBSizer.WPF.UI\\DBSizer.WPF.UI.csproj
		SccProjectName7 = DBSizer.WPF.UI
		SccLocalPath7 = DBSizer.WPF.UI
		SccProjectUniqueName8 = DBSizer.WPF.Tests\\DBSizer.WPF.Tests.csproj
		SccProjectName8 = DBSizer.WPF.Tests
		SccLocalPath8 = DBSizer.WPF.Tests
	EndGlobalSection
	GlobalSection(SolutionConfigurationPlatforms) = preSolution
		Debug|Any CPU = Debug|Any CPU
		Debug|x64 = Debug|x64
		Debug|x86 = Debug|x86
		Release|Any CPU = Release|Any CPU
		Release|x64 = Release|x64
		Release|x86 = Release|x86
		Test|Any CPU = Test|Any CPU
		Test|x64 = Test|x64
		Test|x86 = Test|x86
	EndGlobalSection
	GlobalSection(ProjectConfigurationPlatforms) = postSolution
		{D5C90716-2AF2-4FB6-A043-008F1B9AB05B}.Debug|Any CPU.ActiveCfg = Debug|Any CPU
		{D5C90716-2AF2-4FB6-A043-008F1B9AB05B}.Debug|Any CPU.Build.0 = Debug|Any CPU
		{D5C90716-2AF2-4FB6-A043-008F1B9AB05B}.Debug|x64.ActiveCfg = Debug|Any CPU
		{D5C90716-2AF2-4FB6-A043-008F1B9AB05B}.Debug|x86.ActiveCfg = Debug|Any CPU
		{D5C90716-2AF2-4FB6-A043-008F1B9AB05B}.Release|Any CPU.ActiveCfg = Release|Any CPU
		{D5C90716-2AF2-4FB6-A043-008F1B9AB05B}.Release|Any CPU.Build.0 = Release|Any CPU
		{D5C90716-2AF2-4FB6-A043-008F1B9AB05B}.Release|x64.ActiveCfg = Release|Any CPU
		{D5C90716-2AF2-4FB6-A043-008F1B9AB05B}.Release|x86.ActiveCfg = Release|Any CPU
		{D5C90716-2AF2-4FB6-A043-008F1B9AB05B}.Test|Any CPU.ActiveCfg = Release|Any CPU
		{D5C90716-2AF2-4FB6-A043-008F1B9AB05B}.Test|x64.ActiveCfg = Release|Any CPU
		{D5C90716-2AF2-4FB6-A043-008F1B9AB05B}.Test|x86.ActiveCfg = Release|Any CPU
		{F4B46FD2-2723-485E-899B-8310C20BF2F5}.Debug|Any CPU.ActiveCfg = Debug|Any CPU
		{F4B46FD2-2723-485E-899B-8310C20BF2F5}.Debug|Any CPU.Build.0 = Debug|Any CPU
		{F4B46FD2-2723-485E-899B-8310C20BF2F5}.Debug|x64.ActiveCfg = Debug|Any CPU
		{F4B46FD2-2723-485E-899B-8310C20BF2F5}.Debug|x86.ActiveCfg = Debug|Any CPU
		{F4B46FD2-2723-485E-899B-8310C20BF2F5}.Release|Any CPU.ActiveCfg = Release|Any CPU
		{F4B46FD2-2723-485E-899B-8310C20BF2F5}.Release|Any CPU.Build.0 = Release|Any CPU
		{F4B46FD2-2723-485E-899B-8310C20BF2F5}.Release|x64.ActiveCfg = Release|Any CPU
		{F4B46FD2-2723-485E-899B-8310C20BF2F5}.Release|x86.ActiveCfg = Release|Any CPU
		{F4B46FD2-2723-485E-899B-8310C20BF2F5}.Test|Any CPU.ActiveCfg = Release|Any CPU
		{F4B46FD2-2723-485E-899B-8310C20BF2F5}.Test|Any CPU.Build.0 = Release|Any CPU
		{F4B46FD2-2723-485E-899B-8310C20BF2F5}.Test|x64.ActiveCfg = Release|Any CPU
		{F4B46FD2-2723-485E-899B-8310C20BF2F5}.Test|x86.ActiveCfg = Release|Any CPU
		{3D526DA8-5EA4-4DB3-94ED-329FEC44E0A7}.Debug|Any CPU.ActiveCfg = Debug|Any CPU
		{3D526DA8-5EA4-4DB3-94ED-329FEC44E0A7}.Debug|Any CPU.Build.0 = Debug|Any CPU
		{3D526DA8-5EA4-4DB3-94ED-329FEC44E0A7}.Debug|x64.ActiveCfg = Debug|Any CPU
		{3D526DA8-5EA4-4DB3-94ED-329FEC44E0A7}.Debug|x86.ActiveCfg = Debug|Any CPU
		{3D526DA8-5EA4-4DB3-94ED-329FEC44E0A7}.Release|Any CPU.ActiveCfg = Release|Any CPU
		{3D526DA8-5EA4-4DB3-94ED-329FEC44E0A7}.Release|Any CPU.Build.0 = Release|Any CPU
		{3D526DA8-5EA4-4DB3-94ED-329FEC44E0A7}.Release|x64.ActiveCfg = Release|Any CPU
		{3D526DA8-5EA4-4DB3-94ED-329FEC44E0A7}.Release|x86.ActiveCfg = Release|Any CPU
		{3D526DA8-5EA4-4DB3-94ED-329FEC44E0A7}.Test|Any CPU.ActiveCfg = Release|Any CPU
		{3D526DA8-5EA4-4DB3-94ED-329FEC44E0A7}.Test|Any CPU.Build.0 = Release|Any CPU
		{3D526DA8-5EA4-4DB3-94ED-329FEC44E0A7}.Test|x64.ActiveCfg = Release|Any CPU
		{3D526DA8-5EA4-4DB3-94ED-329FEC44E0A7}.Test|x86.ActiveCfg = Release|Any CPU
		{33BA6597-1D9D-4B6B-A727-19D7FD33D9EE}.Debug|Any CPU.ActiveCfg = Debug|Any CPU
		{33BA6597-1D9D-4B6B-A727-19D7FD33D9EE}.Debug|Any CPU.Build.0 = Debug|Any CPU
		{33BA6597-1D9D-4B6B-A727-19D7FD33D9EE}.Debug|x64.ActiveCfg = Debug|Any CPU
		{33BA6597-1D9D-4B6B-A727-19D7FD33D9EE}.Debug|x86.ActiveCfg = Debug|Any CPU
		{33BA6597-1D9D-4B6B-A727-19D7FD33D9EE}.Release|Any CPU.ActiveCfg = Release|Any CPU
		{33BA6597-1D9D-4B6B-A727-19D7FD33D9EE}.Release|Any CPU.Build.0 = Release|Any CPU
		{33BA6597-1D9D-4B6B-A727-19D7FD33D9EE}.Release|x64.ActiveCfg = Release|Any CPU
		{33BA6597-1D9D-4B6B-A727-19D7FD33D9EE}.Release|x86.ActiveCfg = Release|Any CPU
		{33BA6597-1D9D-4B6B-A727-19D7FD33D9EE}.Test|Any CPU.ActiveCfg = Release|Any CPU
		{33BA6597-1D9D-4B6B-A727-19D7FD33D9EE}.Test|Any CPU.Build.0 = Release|Any CPU
		{33BA6597-1D9D-4B6B-A727-19D7FD33D9EE}.Test|x64.ActiveCfg = Release|Any CPU
		{33BA6597-1D9D-4B6B-A727-19D7FD33D9EE}.Test|x86.ActiveCfg = Release|Any CPU
		{3E6808CE-5CD8-4DFD-A838-8F0ACE5458F7}.Debug|Any CPU.ActiveCfg = Debug|Any CPU
		{3E6808CE-5CD8-4DFD-A838-8F0ACE5458F7}.Debug|Any CPU.Build.0 = Debug|Any CPU
		{3E6808CE-5CD8-4DFD-A838-8F0ACE5458F7}.Debug|x64.ActiveCfg = Debug|Any CPU
		{3E6808CE-5CD8-4DFD-A838-8F0ACE5458F7}.Debug|x86.ActiveCfg = Debug|Any CPU
		{3E6808CE-5CD8-4DFD-A838-8F0ACE5458F7}.Release|Any CPU.ActiveCfg = Release|Any CPU
		{3E6808CE-5CD8-4DFD-A838-8F0ACE5458F7}.Release|Any CPU.Build.0 = Release|Any CPU
		{3E6808CE-5CD8-4DFD-A838-8F0ACE5458F7}.Release|x64.ActiveCfg = Release|Any CPU
		{3E6808CE-5CD8-4DFD-A838-8F0ACE5458F7}.Release|x86.ActiveCfg = Release|Any CPU
		{3E6808CE-5CD8-4DFD-A838-8F0ACE5458F7}.Test|Any CPU.ActiveCfg = Release|Any CPU
		{3E6808CE-5CD8-4DFD-A838-8F0ACE5458F7}.Test|x64.ActiveCfg = Release|Any CPU
		{3E6808CE-5CD8-4DFD-A838-8F0ACE5458F7}.Test|x86.ActiveCfg = Release|Any CPU
		{D09504A0-4558-4888-BA8C-A5DB5DAF0C9D}.Debug|Any CPU.ActiveCfg = Debug|Any CPU
		{D09504A0-4558-4888-BA8C-A5DB5DAF0C9D}.Debug|Any CPU.Build.0 = Debug|Any CPU
		{D09504A0-4558-4888-BA8C-A5DB5DAF0C9D}.Debug|x64.ActiveCfg = Debug|Any CPU
		{D09504A0-4558-4888-BA8C-A5DB5DAF0C9D}.Debug|x86.ActiveCfg = Debug|Any CPU
		{D09504A0-4558-4888-BA8C-A5DB5DAF0C9D}.Release|Any CPU.ActiveCfg = Release|Any CPU
		{D09504A0-4558-4888-BA8C-A5DB5DAF0C9D}.Release|Any CPU.Build.0 = Release|Any CPU
		{D09504A0-4558-4888-BA8C-A5DB5DAF0C9D}.Release|x64.ActiveCfg = Release|Any CPU
		{D09504A0-4558-4888-BA8C-A5DB5DAF0C9D}.Release|x86.ActiveCfg = Release|Any CPU
		{D09504A0-4558-4888-BA8C-A5DB5DAF0C9D}.Test|Any CPU.ActiveCfg = Release|Any CPU
		{D09504A0-4558-4888-BA8C-A5DB5DAF0C9D}.Test|Any CPU.Build.0 = Release|Any CPU
		{D09504A0-4558-4888-BA8C-A5DB5DAF0C9D}.Test|x64.ActiveCfg = Release|Any CPU
		{D09504A0-4558-4888-BA8C-A5DB5DAF0C9D}.Test|x86.ActiveCfg = Release|Any CPU
		{5C3ADF56-6BED-4FDD-B4F1-C4B1FFCBF6AA}.Debug|Any CPU.ActiveCfg = Debug|Any CPU
		{5C3ADF56-6BED-4FDD-B4F1-C4B1FFCBF6AA}.Debug|Any CPU.Build.0 = Debug|Any CPU
		{5C3ADF56-6BED-4FDD-B4F1-C4B1FFCBF6AA}.Debug|x64.ActiveCfg = Debug|Any CPU
		{5C3ADF56-6BED-4FDD-B4F1-C4B1FFCBF6AA}.Debug|x86.ActiveCfg = Debug|Any CPU
		{5C3ADF56-6BED-4FDD-B4F1-C4B1FFCBF6AA}.Release|Any CPU.ActiveCfg = Release|Any CPU
		{5C3ADF56-6BED-4FDD-B4F1-C4B1FFCBF6AA}.Release|Any CPU.Build.0 = Release|Any CPU
		{5C3ADF56-6BED-4FDD-B4F1-C4B1FFCBF6AA}.Release|x64.ActiveCfg = Release|Any CPU
		{5C3ADF56-6BED-4FDD-B4F1-C4B1FFCBF6AA}.Release|x86.ActiveCfg = Release|Any CPU
		{5C3ADF56-6BED-4FDD-B4F1-C4B1FFCBF6AA}.Test|Any CPU.ActiveCfg = Release|Any CPU
		{5C3ADF56-6BED-4FDD-B4F1-C4B1FFCBF6AA}.Test|Any CPU.Build.0 = Release|Any CPU
		{5C3ADF56-6BED-4FDD-B4F1-C4B1FFCBF6AA}.Test|x64.ActiveCfg = Release|Any CPU
		{5C3ADF56-6BED-4FDD-B4F1-C4B1FFCBF6AA}.Test|x86.ActiveCfg = Release|Any CPU
		{3CC08739-813C-4BA3-918C-E27507D58E79}.Debug|Any CPU.ActiveCfg = Debug|Any CPU
		{3CC08739-813C-4BA3-918C-E27507D58E79}.Debug|Any CPU.Build.0 = Debug|Any CPU
		{3CC08739-813C-4BA3-918C-E27507D58E79}.Debug|x64.ActiveCfg = Debug|Any CPU
		{3CC08739-813C-4BA3-918C-E27507D58E79}.Debug|x86.ActiveCfg = Debug|Any CPU
		{3CC08739-813C-4BA3-918C-E27507D58E79}.Release|Any CPU.ActiveCfg = Release|Any CPU
		{3CC08739-813C-4BA3-918C-E27507D58E79}.Release|Any CPU.Build.0 = Release|Any CPU
		{3CC08739-813C-4BA3-918C-E27507D58E79}.Release|x64.ActiveCfg = Release|Any CPU
		{3CC08739-813C-4BA3-918C-E27507D58E79}.Release|x86.ActiveCfg = Release|Any CPU
		{3CC08739-813C-4BA3-918C-E27507D58E79}.Test|Any CPU.ActiveCfg = Release|Any CPU
		{3CC08739-813C-4BA3-918C-E27507D58E79}.Test|Any CPU.Build.0 = Release|Any CPU
		{3CC08739-813C-4BA3-918C-E27507D58E79}.Test|x64.ActiveCfg = Release|Any CPU
		{3CC08739-813C-4BA3-918C-E27507D58E79}.Test|x86.ActiveCfg = Release|Any CPU
	EndGlobalSection
	GlobalSection(SolutionProperties) = preSolution
		HideSolutionNode = FALSE
	EndGlobalSection
EndGlobal
